
Microsoft Visual Studio Solution File, Format Version 12.00
# Visual Studio Version 16
VisualStudioVersion = 16.0.32602.291
MinimumVisualStudioVersion = 10.0.40219.1
Project("{FAE04EC0-301F-11D3-BF4B-00C04F79EFBC}") = "SignalRClientConsole", "SignalRClientConsole\SignalRClientConsole.csproj", "{B80FE2A6-9EEE-4333-A228-B4E890DE9DEB}"
EndProject
Global
	GlobalSection(SolutionConfigurationPlatforms) = preSolution
		Debug|Any CPU = Debug|Any CPU
		Release|Any CPU = Release|Any CPU
	EndGlobalSection
	GlobalSection(ProjectConfigurationPlatforms) = postSolution
		{B80FE2A6-9EEE-4333-A228-B4E890DE9DEB}.Debug|Any CPU.ActiveCfg = Debug|Any CPU
		{B80FE2A6-9EEE-4333-A228-B4E890DE9DEB}.Debug|Any CPU.Build.0 = Debug|Any CPU
		{B80FE2A6-9EEE-4333-A228-B4E890DE9DEB}.Release|Any CPU.ActiveCfg = Release|Any CPU
		{B80FE2A6-9EEE-4333-A228-B4E890DE9DEB}.Release|Any CPU.Build.0 = Release|Any CPU
	EndGlobalSection
	GlobalSection(SolutionProperties) = preSolution
		HideSolutionNode = FALSE
	EndGlobalSection
	GlobalSection(ExtensibilityGlobals) = postSolution
		SolutionGuid = {1DDDCB88-1CAA-4BB9-8F5A-0251BC628F21}
	EndGlobalSection
EndGlobal
